
Microsoft Visual Studio Solution File, Format Version 12.00
# Visual Studio Version 17
VisualStudioVersion = 17.6.33723.286
MinimumVisualStudioVersion = 10.0.40219.1
Project("{8BC9CEB8-8B4A-11D0-8D11-00A0C91BC942}") = "2D_GameEngine", "2D_GameEngine.vcxproj", "{CA418047-BCA8-4BB0-A2F7-78B6648726E8}"
EndProject
Global
	GlobalSection(SolutionConfigurationPlatforms) = preSolution
		Debug|x64 = Debug|x64
		Debug|x86 = Debug|x86
		Release|x64 = Release|x64
		Release|x86 = Release|x86
	EndGlobalSection
	GlobalSection(ProjectConfigurationPlatforms) = postSolution
		{CA418047-BCA8-4BB0-A2F7-78B6648726E8}.Debug|x64.ActiveCfg = Debug|x64
		{CA418047-BCA8-4BB0-A2F7-78B6648726E8}.Debug|x64.Build.0 = Debug|x64
		{CA418047-BCA8-4BB0-A2F7-78B6648726E8}.Debug|x86.ActiveCfg = Debug|Win32
		{CA418047-BCA8-4BB0-A2F7-78B6648726E8}.Debug|x86.Build.0 = Debug|Win32
		{CA418047-BCA8-4BB0-A2F7-78B6648726E8}.Release|x64.ActiveCfg = Release|x64
		{CA418047-BCA8-4BB0-A2F7-78B6648726E8}.Release|x64.Build.0 = Release|x64
		{CA418047-BCA8-4BB0-A2F7-78B6648726E8}.Release|x86.ActiveCfg = Release|Win32
		{CA418047-BCA8-4BB0-A2F7-78B6648726E8}.Release|x86.Build.0 = Release|Win32
	EndGlobalSection
	GlobalSection(SolutionProperties) = preSolution
		HideSolutionNode = FALSE
	EndGlobalSection
	GlobalSection(ExtensibilityGlobals) = postSolution
		SolutionGuid = {08F80E8B-A17F-4A8D-AFB9-8881B8451ADB}
	EndGlobalSection
EndGlobal
